
Microsoft Visual Studio Solution File, Format Version 12.00
# Visual Studio 15
VisualStudioVersion = 15.0.27428.2043
MinimumVisualStudioVersion = 10.0.40219.1
Project("{FAE04EC0-301F-11D3-BF4B-00C04F79EFBC}") = "FakeIMC", "FakeIMC\FakeIMC.csproj", "{698BC265-552E-4F47-8FF7-78FD164389B5}"
EndProject
Project("{FAE04EC0-301F-11D3-BF4B-00C04F79EFBC}") = "FakeContract", "FakeContract\FakeContract.csproj", "{C8777226-51AD-4CEC-91A6-B122D63FAF4B}"
EndProject
Project("{FAE04EC0-301F-11D3-BF4B-00C04F79EFBC}") = "Updater", "Updater\Updater.csproj", "{C3978E71-FB77-42C1-A788-B1827E09E40D}"
EndProject
Project("{FAE04EC0-301F-11D3-BF4B-00C04F79EFBC}") = "Updater.Wcf", "Updater.Wcf\Updater.Wcf.csproj", "{CBED66E1-6537-4B1C-93A9-ACA586D846F3}"
EndProject
Global
	GlobalSection(SolutionConfigurationPlatforms) = preSolution
		Debug|Any CPU = Debug|Any CPU
		Release|Any CPU = Release|Any CPU
	EndGlobalSection
	GlobalSection(ProjectConfigurationPlatforms) = postSolution
		{698BC265-552E-4F47-8FF7-78FD164389B5}.Debug|Any CPU.ActiveCfg = Debug|Any CPU
		{698BC265-552E-4F47-8FF7-78FD164389B5}.Debug|Any CPU.Build.0 = Debug|Any CPU
		{698BC265-552E-4F47-8FF7-78FD164389B5}.Release|Any CPU.ActiveCfg = Release|Any CPU
		{698BC265-552E-4F47-8FF7-78FD164389B5}.Release|Any CPU.Build.0 = Release|Any CPU
		{C8777226-51AD-4CEC-91A6-B122D63FAF4B}.Debug|Any CPU.ActiveCfg = Debug|Any CPU
		{C8777226-51AD-4CEC-91A6-B122D63FAF4B}.Debug|Any CPU.Build.0 = Debug|Any CPU
		{C8777226-51AD-4CEC-91A6-B122D63FAF4B}.Release|Any CPU.ActiveCfg = Release|Any CPU
		{C8777226-51AD-4CEC-91A6-B122D63FAF4B}.Release|Any CPU.Build.0 = Release|Any CPU
		{C3978E71-FB77-42C1-A788-B1827E09E40D}.Debug|Any CPU.ActiveCfg = Debug|Any CPU
		{C3978E71-FB77-42C1-A788-B1827E09E40D}.Debug|Any CPU.Build.0 = Debug|Any CPU
		{C3978E71-FB77-42C1-A788-B1827E09E40D}.Release|Any CPU.ActiveCfg = Release|Any CPU
		{C3978E71-FB77-42C1-A788-B1827E09E40D}.Release|Any CPU.Build.0 = Release|Any CPU
		{CBED66E1-6537-4B1C-93A9-ACA586D846F3}.Debug|Any CPU.ActiveCfg = Debug|Any CPU
		{CBED66E1-6537-4B1C-93A9-ACA586D846F3}.Debug|Any CPU.Build.0 = Debug|Any CPU
		{CBED66E1-6537-4B1C-93A9-ACA586D846F3}.Release|Any CPU.ActiveCfg = Release|Any CPU
		{CBED66E1-6537-4B1C-93A9-ACA586D846F3}.Release|Any CPU.Build.0 = Release|Any CPU
	EndGlobalSection
	GlobalSection(SolutionProperties) = preSolution
		HideSolutionNode = FALSE
	EndGlobalSection
	GlobalSection(ExtensibilityGlobals) = postSolution
		SolutionGuid = {8501FE4D-723F-40B1-9D3C-25706634D872}
	EndGlobalSection
EndGlobal
