
Microsoft Visual Studio Solution File, Format Version 12.00
# Visual Studio 15
VisualStudioVersion = 15.0.27428.2043
MinimumVisualStudioVersion = 10.0.40219.1
Project("{FAE04EC0-301F-11D3-BF4B-00C04F79EFBC}") = "Sandbox", "Sandbox\Sandbox.csproj", "{F7C076B8-D539-470A-BD59-2D8BD2A78FED}"
EndProject
Global
	GlobalSection(SolutionConfigurationPlatforms) = preSolution
		Debug|Any CPU = Debug|Any CPU
		Release|Any CPU = Release|Any CPU
	EndGlobalSection
	GlobalSection(ProjectConfigurationPlatforms) = postSolution
		{F7C076B8-D539-470A-BD59-2D8BD2A78FED}.Debug|Any CPU.ActiveCfg = Debug|Any CPU
		{F7C076B8-D539-470A-BD59-2D8BD2A78FED}.Debug|Any CPU.Build.0 = Debug|Any CPU
		{F7C076B8-D539-470A-BD59-2D8BD2A78FED}.Release|Any CPU.ActiveCfg = Release|Any CPU
		{F7C076B8-D539-470A-BD59-2D8BD2A78FED}.Release|Any CPU.Build.0 = Release|Any CPU
	EndGlobalSection
	GlobalSection(SolutionProperties) = preSolution
		HideSolutionNode = FALSE
	EndGlobalSection
	GlobalSection(ExtensibilityGlobals) = postSolution
		SolutionGuid = {395929F4-FE5E-4015-B557-6116DB30FD9E}
	EndGlobalSection
EndGlobal
