
Microsoft Visual Studio Solution File, Format Version 12.00
# Visual Studio Version 16
VisualStudioVersion = 16.0.29215.179
MinimumVisualStudioVersion = 10.0.40219.1
Project("{FAE04EC0-301F-11D3-BF4B-00C04F79EFBC}") = "MyWebApp", "MyWebApp\MyWebApp.csproj", "{B82934B6-4062-4A4D-85DB-CAFE683DA7BC}"
EndProject
Project("{FAE04EC0-301F-11D3-BF4B-00C04F79EFBC}") = "MyWebApp.Tests", "MyWebApp.Tests\MyWebApp.Tests.csproj", "{C42388AC-F09B-435D-8E7B-3A346C4C377A}"
EndProject
Global
	GlobalSection(SolutionConfigurationPlatforms) = preSolution
		Debug|Any CPU = Debug|Any CPU
		Release|Any CPU = Release|Any CPU
	EndGlobalSection
	GlobalSection(ProjectConfigurationPlatforms) = postSolution
		{B82934B6-4062-4A4D-85DB-CAFE683DA7BC}.Debug|Any CPU.ActiveCfg = Debug|Any CPU
		{B82934B6-4062-4A4D-85DB-CAFE683DA7BC}.Debug|Any CPU.Build.0 = Debug|Any CPU
		{B82934B6-4062-4A4D-85DB-CAFE683DA7BC}.Release|Any CPU.ActiveCfg = Release|Any CPU
		{B82934B6-4062-4A4D-85DB-CAFE683DA7BC}.Release|Any CPU.Build.0 = Release|Any CPU
		{C42388AC-F09B-435D-8E7B-3A346C4C377A}.Debug|Any CPU.ActiveCfg = Debug|Any CPU
		{C42388AC-F09B-435D-8E7B-3A346C4C377A}.Debug|Any CPU.Build.0 = Debug|Any CPU
		{C42388AC-F09B-435D-8E7B-3A346C4C377A}.Release|Any CPU.ActiveCfg = Release|Any CPU
		{C42388AC-F09B-435D-8E7B-3A346C4C377A}.Release|Any CPU.Build.0 = Release|Any CPU
	EndGlobalSection
	GlobalSection(SolutionProperties) = preSolution
		HideSolutionNode = FALSE
	EndGlobalSection
	GlobalSection(ExtensibilityGlobals) = postSolution
		SolutionGuid = {B8A027B3-787E-4DA7-90DC-F725BED69E80}
	EndGlobalSection
EndGlobal
