
Microsoft Visual Studio Solution File, Format Version 12.00
# Visual Studio 15
VisualStudioVersion = 15.0.26730.10
MinimumVisualStudioVersion = 10.0.40219.1
Project("{FAE04EC0-301F-11D3-BF4B-00C04F79EFBC}") = "FakeVerifit", "FakeVerifit\FakeVerifit.csproj", "{129F61FF-98E2-455F-AB79-94A6D19E5864}"
EndProject
Project("{FAE04EC0-301F-11D3-BF4B-00C04F79EFBC}") = "FakeVerifitTests", "FakeVerifitTests\FakeVerifitTests.csproj", "{8DBD086B-3108-437B-9AB1-D3CAE3F2D875}"
EndProject
Project("{FAE04EC0-301F-11D3-BF4B-00C04F79EFBC}") = "FakeVerifit.UI", "FakeVerifit.UI\FakeVerifit.UI.csproj", "{576873EE-802B-413F-A1C8-75489AFCE1FD}"
EndProject
Project("{FAE04EC0-301F-11D3-BF4B-00C04F79EFBC}") = "FakeVerifit.CommonUI", "FakeVerifit.CommonUI\FakeVerifit.CommonUI.csproj", "{445C19F4-E724-42F0-9AAF-A2B2867D826A}"
EndProject
Project("{FAE04EC0-301F-11D3-BF4B-00C04F79EFBC}") = "FakeVerifit.Core", "FakeVerifit.Core\FakeVerifit.Core.csproj", "{44E97D79-95AE-4ECF-95C6-595AB122338B}"
EndProject
Project("{2150E333-8FDC-42A3-9474-1A3956D46DE8}") = "App", "App", "{06F31CC8-5569-4292-8AAF-E13A2DF31F4B}"
EndProject
Project("{2150E333-8FDC-42A3-9474-1A3956D46DE8}") = "Shared", "Shared", "{3C989488-DD86-47EE-A1DA-907BEF880B54}"
EndProject
Global
	GlobalSection(SolutionConfigurationPlatforms) = preSolution
		Debug|Any CPU = Debug|Any CPU
		Debug|x86 = Debug|x86
		Installer_Debug|Any CPU = Installer_Debug|Any CPU
		Installer_Debug|x86 = Installer_Debug|x86
		Release|Any CPU = Release|Any CPU
		Release|x86 = Release|x86
	EndGlobalSection
	GlobalSection(ProjectConfigurationPlatforms) = postSolution
		{129F61FF-98E2-455F-AB79-94A6D19E5864}.Debug|Any CPU.ActiveCfg = Debug|Any CPU
		{129F61FF-98E2-455F-AB79-94A6D19E5864}.Debug|Any CPU.Build.0 = Debug|Any CPU
		{129F61FF-98E2-455F-AB79-94A6D19E5864}.Debug|x86.ActiveCfg = Debug|Any CPU
		{129F61FF-98E2-455F-AB79-94A6D19E5864}.Debug|x86.Build.0 = Debug|Any CPU
		{129F61FF-98E2-455F-AB79-94A6D19E5864}.Installer_Debug|Any CPU.ActiveCfg = Installer_Debug|Any CPU
		{129F61FF-98E2-455F-AB79-94A6D19E5864}.Installer_Debug|x86.ActiveCfg = Installer_Debug|Any CPU
		{129F61FF-98E2-455F-AB79-94A6D19E5864}.Installer_Debug|x86.Build.0 = Installer_Debug|Any CPU
		{129F61FF-98E2-455F-AB79-94A6D19E5864}.Release|Any CPU.ActiveCfg = Release|Any CPU
		{129F61FF-98E2-455F-AB79-94A6D19E5864}.Release|Any CPU.Build.0 = Release|Any CPU
		{129F61FF-98E2-455F-AB79-94A6D19E5864}.Release|x86.ActiveCfg = Release|Any CPU
		{129F61FF-98E2-455F-AB79-94A6D19E5864}.Release|x86.Build.0 = Release|Any CPU
		{8DBD086B-3108-437B-9AB1-D3CAE3F2D875}.Debug|Any CPU.ActiveCfg = Debug|Any CPU
		{8DBD086B-3108-437B-9AB1-D3CAE3F2D875}.Debug|Any CPU.Build.0 = Debug|Any CPU
		{8DBD086B-3108-437B-9AB1-D3CAE3F2D875}.Debug|x86.ActiveCfg = Debug|Any CPU
		{8DBD086B-3108-437B-9AB1-D3CAE3F2D875}.Debug|x86.Build.0 = Debug|Any CPU
		{8DBD086B-3108-437B-9AB1-D3CAE3F2D875}.Installer_Debug|Any CPU.ActiveCfg = Installer_Debug|Any CPU
		{8DBD086B-3108-437B-9AB1-D3CAE3F2D875}.Installer_Debug|x86.ActiveCfg = Installer_Debug|Any CPU
		{8DBD086B-3108-437B-9AB1-D3CAE3F2D875}.Installer_Debug|x86.Build.0 = Installer_Debug|Any CPU
		{8DBD086B-3108-437B-9AB1-D3CAE3F2D875}.Release|Any CPU.ActiveCfg = Release|Any CPU
		{8DBD086B-3108-437B-9AB1-D3CAE3F2D875}.Release|Any CPU.Build.0 = Release|Any CPU
		{8DBD086B-3108-437B-9AB1-D3CAE3F2D875}.Release|x86.ActiveCfg = Release|Any CPU
		{8DBD086B-3108-437B-9AB1-D3CAE3F2D875}.Release|x86.Build.0 = Release|Any CPU
		{576873EE-802B-413F-A1C8-75489AFCE1FD}.Debug|Any CPU.ActiveCfg = Debug|Any CPU
		{576873EE-802B-413F-A1C8-75489AFCE1FD}.Debug|Any CPU.Build.0 = Debug|Any CPU
		{576873EE-802B-413F-A1C8-75489AFCE1FD}.Debug|x86.ActiveCfg = Debug|Any CPU
		{576873EE-802B-413F-A1C8-75489AFCE1FD}.Debug|x86.Build.0 = Debug|Any CPU
		{576873EE-802B-413F-A1C8-75489AFCE1FD}.Installer_Debug|Any CPU.ActiveCfg = Installer_Debug|Any CPU
		{576873EE-802B-413F-A1C8-75489AFCE1FD}.Installer_Debug|x86.ActiveCfg = Installer_Debug|Any CPU
		{576873EE-802B-413F-A1C8-75489AFCE1FD}.Installer_Debug|x86.Build.0 = Installer_Debug|Any CPU
		{576873EE-802B-413F-A1C8-75489AFCE1FD}.Release|Any CPU.ActiveCfg = Release|Any CPU
		{576873EE-802B-413F-A1C8-75489AFCE1FD}.Release|Any CPU.Build.0 = Release|Any CPU
		{576873EE-802B-413F-A1C8-75489AFCE1FD}.Release|x86.ActiveCfg = Release|Any CPU
		{576873EE-802B-413F-A1C8-75489AFCE1FD}.Release|x86.Build.0 = Release|Any CPU
		{445C19F4-E724-42F0-9AAF-A2B2867D826A}.Debug|Any CPU.ActiveCfg = Debug|Any CPU
		{445C19F4-E724-42F0-9AAF-A2B2867D826A}.Debug|Any CPU.Build.0 = Debug|Any CPU
		{445C19F4-E724-42F0-9AAF-A2B2867D826A}.Debug|x86.ActiveCfg = Debug|Any CPU
		{445C19F4-E724-42F0-9AAF-A2B2867D826A}.Debug|x86.Build.0 = Debug|Any CPU
		{445C19F4-E724-42F0-9AAF-A2B2867D826A}.Installer_Debug|Any CPU.ActiveCfg = Installer_Debug|Any CPU
		{445C19F4-E724-42F0-9AAF-A2B2867D826A}.Installer_Debug|Any CPU.Build.0 = Installer_Debug|Any CPU
		{445C19F4-E724-42F0-9AAF-A2B2867D826A}.Installer_Debug|x86.ActiveCfg = Installer_Debug|Any CPU
		{445C19F4-E724-42F0-9AAF-A2B2867D826A}.Installer_Debug|x86.Build.0 = Installer_Debug|Any CPU
		{445C19F4-E724-42F0-9AAF-A2B2867D826A}.Release|Any CPU.ActiveCfg = Release|Any CPU
		{445C19F4-E724-42F0-9AAF-A2B2867D826A}.Release|Any CPU.Build.0 = Release|Any CPU
		{445C19F4-E724-42F0-9AAF-A2B2867D826A}.Release|x86.ActiveCfg = Release|Any CPU
		{445C19F4-E724-42F0-9AAF-A2B2867D826A}.Release|x86.Build.0 = Release|Any CPU
		{44E97D79-95AE-4ECF-95C6-595AB122338B}.Debug|Any CPU.ActiveCfg = Debug|Any CPU
		{44E97D79-95AE-4ECF-95C6-595AB122338B}.Debug|Any CPU.Build.0 = Debug|Any CPU
		{44E97D79-95AE-4ECF-95C6-595AB122338B}.Debug|x86.ActiveCfg = Debug|Any CPU
		{44E97D79-95AE-4ECF-95C6-595AB122338B}.Debug|x86.Build.0 = Debug|Any CPU
		{44E97D79-95AE-4ECF-95C6-595AB122338B}.Installer_Debug|Any CPU.ActiveCfg = Installer_Debug|Any CPU
		{44E97D79-95AE-4ECF-95C6-595AB122338B}.Installer_Debug|Any CPU.Build.0 = Installer_Debug|Any CPU
		{44E97D79-95AE-4ECF-95C6-595AB122338B}.Installer_Debug|x86.ActiveCfg = Installer_Debug|Any CPU
		{44E97D79-95AE-4ECF-95C6-595AB122338B}.Installer_Debug|x86.Build.0 = Installer_Debug|Any CPU
		{44E97D79-95AE-4ECF-95C6-595AB122338B}.Release|Any CPU.ActiveCfg = Release|Any CPU
		{44E97D79-95AE-4ECF-95C6-595AB122338B}.Release|Any CPU.Build.0 = Release|Any CPU
		{44E97D79-95AE-4ECF-95C6-595AB122338B}.Release|x86.ActiveCfg = Release|Any CPU
		{44E97D79-95AE-4ECF-95C6-595AB122338B}.Release|x86.Build.0 = Release|Any CPU
	EndGlobalSection
	GlobalSection(SolutionProperties) = preSolution
		HideSolutionNode = FALSE
	EndGlobalSection
	GlobalSection(NestedProjects) = preSolution
		{129F61FF-98E2-455F-AB79-94A6D19E5864} = {06F31CC8-5569-4292-8AAF-E13A2DF31F4B}
		{8DBD086B-3108-437B-9AB1-D3CAE3F2D875} = {06F31CC8-5569-4292-8AAF-E13A2DF31F4B}
		{576873EE-802B-413F-A1C8-75489AFCE1FD} = {06F31CC8-5569-4292-8AAF-E13A2DF31F4B}
		{445C19F4-E724-42F0-9AAF-A2B2867D826A} = {3C989488-DD86-47EE-A1DA-907BEF880B54}
		{44E97D79-95AE-4ECF-95C6-595AB122338B} = {3C989488-DD86-47EE-A1DA-907BEF880B54}
	EndGlobalSection
	GlobalSection(ExtensibilityGlobals) = postSolution
		SolutionGuid = {CF2F22FF-A100-47C7-854E-3435F5C872CE}
	EndGlobalSection
EndGlobal
