
Microsoft Visual Studio Solution File, Format Version 12.00
# Visual Studio 15
VisualStudioVersion = 15.0.28010.2003
MinimumVisualStudioVersion = 10.0.40219.1
Project("{FAE04EC0-301F-11D3-BF4B-00C04F79EFBC}") = "PhoenixStyleBrowser", "PhoenixStyleBrowser\PhoenixStyleBrowser.csproj", "{528866AF-BD9A-4C4F-972E-01E2F08E876D}"
EndProject
Project("{FAE04EC0-301F-11D3-BF4B-00C04F79EFBC}") = "DymmyStyleLibrary", "DymmyStyleLibrary\DymmyStyleLibrary.csproj", "{23D6A81F-D4C8-469B-B2B0-471FD9168A79}"
EndProject
Global
	GlobalSection(SolutionConfigurationPlatforms) = preSolution
		Debug|Any CPU = Debug|Any CPU
		Release|Any CPU = Release|Any CPU
	EndGlobalSection
	GlobalSection(ProjectConfigurationPlatforms) = postSolution
		{528866AF-BD9A-4C4F-972E-01E2F08E876D}.Debug|Any CPU.ActiveCfg = Debug|Any CPU
		{528866AF-BD9A-4C4F-972E-01E2F08E876D}.Debug|Any CPU.Build.0 = Debug|Any CPU
		{528866AF-BD9A-4C4F-972E-01E2F08E876D}.Release|Any CPU.ActiveCfg = Release|Any CPU
		{528866AF-BD9A-4C4F-972E-01E2F08E876D}.Release|Any CPU.Build.0 = Release|Any CPU
		{23D6A81F-D4C8-469B-B2B0-471FD9168A79}.Debug|Any CPU.ActiveCfg = Debug|Any CPU
		{23D6A81F-D4C8-469B-B2B0-471FD9168A79}.Debug|Any CPU.Build.0 = Debug|Any CPU
		{23D6A81F-D4C8-469B-B2B0-471FD9168A79}.Release|Any CPU.ActiveCfg = Release|Any CPU
		{23D6A81F-D4C8-469B-B2B0-471FD9168A79}.Release|Any CPU.Build.0 = Release|Any CPU
	EndGlobalSection
	GlobalSection(SolutionProperties) = preSolution
		HideSolutionNode = FALSE
	EndGlobalSection
	GlobalSection(ExtensibilityGlobals) = postSolution
		SolutionGuid = {F30B85B5-422D-40A6-8BBB-12784FAFE786}
	EndGlobalSection
EndGlobal
