
Microsoft Visual Studio Solution File, Format Version 12.00
# Visual Studio 15
VisualStudioVersion = 15.0.28307.168
MinimumVisualStudioVersion = 10.0.40219.1
Project("{FAE04EC0-301F-11D3-BF4B-00C04F79EFBC}") = "WEB-ASPMVC-DEMO", "WEB-ASPMVC-DEMO\WEB-ASPMVC-DEMO.csproj", "{B2FFFDF0-C2A6-45A7-A1E2-889FB3ED6BA5}"
EndProject
Project("{FAE04EC0-301F-11D3-BF4B-00C04F79EFBC}") = "WEB-ASPMVC-DEMO.Tests", "WEB-ASPMVC-DEMO.Tests\WEB-ASPMVC-DEMO.Tests.csproj", "{78C733F5-4B14-482F-A452-75BD2FA758C2}"
EndProject
Global
	GlobalSection(SolutionConfigurationPlatforms) = preSolution
		Debug|Any CPU = Debug|Any CPU
		Release|Any CPU = Release|Any CPU
	EndGlobalSection
	GlobalSection(ProjectConfigurationPlatforms) = postSolution
		{B2FFFDF0-C2A6-45A7-A1E2-889FB3ED6BA5}.Debug|Any CPU.ActiveCfg = Debug|Any CPU
		{B2FFFDF0-C2A6-45A7-A1E2-889FB3ED6BA5}.Debug|Any CPU.Build.0 = Debug|Any CPU
		{B2FFFDF0-C2A6-45A7-A1E2-889FB3ED6BA5}.Release|Any CPU.ActiveCfg = Release|Any CPU
		{B2FFFDF0-C2A6-45A7-A1E2-889FB3ED6BA5}.Release|Any CPU.Build.0 = Release|Any CPU
		{78C733F5-4B14-482F-A452-75BD2FA758C2}.Debug|Any CPU.ActiveCfg = Debug|Any CPU
		{78C733F5-4B14-482F-A452-75BD2FA758C2}.Debug|Any CPU.Build.0 = Debug|Any CPU
		{78C733F5-4B14-482F-A452-75BD2FA758C2}.Release|Any CPU.ActiveCfg = Release|Any CPU
		{78C733F5-4B14-482F-A452-75BD2FA758C2}.Release|Any CPU.Build.0 = Release|Any CPU
	EndGlobalSection
	GlobalSection(SolutionProperties) = preSolution
		HideSolutionNode = FALSE
	EndGlobalSection
	GlobalSection(ExtensibilityGlobals) = postSolution
		SolutionGuid = {90A2CA98-ABC1-45AF-B480-0B0B823ECAB9}
	EndGlobalSection
EndGlobal
