
Microsoft Visual Studio Solution File, Format Version 12.00
# Visual Studio 15
VisualStudioVersion = 15.0.27130.2027
MinimumVisualStudioVersion = 10.0.40219.1
Project("{FAE04EC0-301F-11D3-BF4B-00C04F79EFBC}") = "ActionBlockDemo", "Blocks\ActionBlockDemo\ActionBlockDemo.csproj", "{D926F5BF-195A-4DFB-BC17-46290A906867}"
EndProject
Project("{FAE04EC0-301F-11D3-BF4B-00C04F79EFBC}") = "TransformBlockDemo", "Blocks\TransformBlockDemo\TransformBlockDemo.csproj", "{247AE7D2-1DC5-47ED-A5A0-1E1C5BF07ADE}"
EndProject
Project("{FAE04EC0-301F-11D3-BF4B-00C04F79EFBC}") = "BatchBlockDemo", "Blocks\BatchBlockDemo\BatchBlockDemo.csproj", "{D4B7B1B0-48F0-4D31-BFE0-95A270ACF755}"
EndProject
Project("{FAE04EC0-301F-11D3-BF4B-00C04F79EFBC}") = "TransformManyBlockDemo", "Blocks\TransformManyBlockDemo\TransformManyBlockDemo.csproj", "{C548FBCC-6FF4-4CDC-B0A4-C615EF0E30AC}"
EndProject
Project("{FAE04EC0-301F-11D3-BF4B-00C04F79EFBC}") = "BufferBlockDemo", "Blocks\BufferBlockDemo\BufferBlockDemo.csproj", "{26036EAD-D138-46DF-AB94-D57C64E131ED}"
EndProject
Project("{FAE04EC0-301F-11D3-BF4B-00C04F79EFBC}") = "BrodcastBlockDemo", "Blocks\BrodcastBlockDemo\BrodcastBlockDemo.csproj", "{9AF0E620-7EB3-460B-9BB8-0BB9E7853225}"
EndProject
Project("{FAE04EC0-301F-11D3-BF4B-00C04F79EFBC}") = "JoinBlockDemo", "Blocks\JoinBlockDemo\JoinBlockDemo.csproj", "{19D299F3-5012-4C39-9983-00D2E3D667C5}"
EndProject
Project("{2150E333-8FDC-42A3-9474-1A3956D46DE8}") = "Blocks", "Blocks", "{75003F37-FFE1-4ADA-A97B-87B8F1BF17B8}"
EndProject
Project("{FAE04EC0-301F-11D3-BF4B-00C04F79EFBC}") = "BatchedJoinBlockDemo", "Blocks\BatchedJoinBlockDemo\BatchedJoinBlockDemo.csproj", "{BA15D2D2-9658-4AD8-B944-629455EA5A05}"
EndProject
Project("{FAE04EC0-301F-11D3-BF4B-00C04F79EFBC}") = "WriteOnceBlockDemo", "Blocks\WriteOnceBlockDemo\WriteOnceBlockDemo.csproj", "{A9EFBFD1-67ED-4C3A-9AF5-B5594A5510BD}"
EndProject
Project("{2150E333-8FDC-42A3-9474-1A3956D46DE8}") = "Workflows", "Workflows", "{B86CE867-BDA3-4913-B66D-BF8C34D0B2E5}"
EndProject
Project("{FAE04EC0-301F-11D3-BF4B-00C04F79EFBC}") = "Completion", "Workflows\Completion\Completion.csproj", "{B0DBAA64-D9A5-4557-A51B-C329F45BE179}"
EndProject
Project("{FAE04EC0-301F-11D3-BF4B-00C04F79EFBC}") = "LinkToOptionsAppend", "Workflows\LinkToOptionsAppend\LinkToOptionsAppend.csproj", "{DD781B78-2049-4EFE-86F2-DDC9F8E2BD94}"
EndProject
Project("{FAE04EC0-301F-11D3-BF4B-00C04F79EFBC}") = "LinkToOptionsMaxMessages", "Workflows\LinkToOptionsMaxMessages\LinkToOptionsMaxMessages.csproj", "{5539C814-3814-467F-9CD6-ECEA4AD6A62C}"
EndProject
Project("{FAE04EC0-301F-11D3-BF4B-00C04F79EFBC}") = "LinkToOptionsMessageFiltering", "Workflows\LinkToOptionsMessageFiltering\LinkToOptionsMessageFiltering.csproj", "{ACCF0CEE-4119-44F2-B349-67DD5C9ADE42}"
EndProject
Project("{FAE04EC0-301F-11D3-BF4B-00C04F79EFBC}") = "MultipleProducers", "Workflows\MultipleProducers\MultipleProducers.csproj", "{F6951005-A5D2-4A17-B9CF-40E977BFB440}"
EndProject
Project("{FAE04EC0-301F-11D3-BF4B-00C04F79EFBC}") = "ErrorHandling", "Workflows\ErrorHandling\ErrorHandling.csproj", "{860DA830-2D84-45D2-BDB8-05F4EB8DE80F}"
EndProject
Project("{FAE04EC0-301F-11D3-BF4B-00C04F79EFBC}") = "CustomBlocksEncapsulate", "Workflows\CustomBlocksEncapsulate\CustomBlocksEncapsulate.csproj", "{E2813603-EA0F-4869-8C56-A65869C4F225}"
EndProject
Project("{FAE04EC0-301F-11D3-BF4B-00C04F79EFBC}") = "CustomBlocksInheritance", "Workflows\CustomBlocksInheritance\CustomBlocksInheritance.csproj", "{040AFF14-1EA9-46F2-86D6-813E02479050}"
EndProject
Project("{2150E333-8FDC-42A3-9474-1A3956D46DE8}") = "Performance", "Performance", "{D9FD2C86-13AA-496F-8941-AFD310697631}"
EndProject
Project("{FAE04EC0-301F-11D3-BF4B-00C04F79EFBC}") = "GeneralPerformance", "Performance\GeneralPerformance\GeneralPerformance.csproj", "{D361D58F-A401-4FA5-8BB0-2E73607E2EC8}"
EndProject
Project("{FAE04EC0-301F-11D3-BF4B-00C04F79EFBC}") = "SingleProducerContrained", "Performance\SingleProducerContrained\SingleProducerContrained.csproj", "{5C5AAD93-917D-4226-8777-6DC464123960}"
EndProject
Project("{FAE04EC0-301F-11D3-BF4B-00C04F79EFBC}") = "ConcurrentExclusiveSchedulerPair", "Performance\ConcurrentExclusiveSchedulerPair\ConcurrentExclusiveSchedulerPair.csproj", "{8711B5DB-BE80-43EA-BB95-D0E1387F51BC}"
EndProject
Project("{FAE04EC0-301F-11D3-BF4B-00C04F79EFBC}") = "MaxMessagesPerTask", "Performance\MaxMessagesPerTask\MaxMessagesPerTask.csproj", "{9A73C377-E8E9-4FD3-8FC4-A64CF186B8F1}"
EndProject
Project("{FAE04EC0-301F-11D3-BF4B-00C04F79EFBC}") = "Monitoring", "Performance\Monitoring\Monitoring.csproj", "{6A7D6E8E-3592-4592-B33B-EFB56678C34C}"
EndProject
Global
	GlobalSection(SolutionConfigurationPlatforms) = preSolution
		Debug|Any CPU = Debug|Any CPU
		Release|Any CPU = Release|Any CPU
	EndGlobalSection
	GlobalSection(ProjectConfigurationPlatforms) = postSolution
		{D926F5BF-195A-4DFB-BC17-46290A906867}.Debug|Any CPU.ActiveCfg = Debug|Any CPU
		{D926F5BF-195A-4DFB-BC17-46290A906867}.Debug|Any CPU.Build.0 = Debug|Any CPU
		{D926F5BF-195A-4DFB-BC17-46290A906867}.Release|Any CPU.ActiveCfg = Release|Any CPU
		{D926F5BF-195A-4DFB-BC17-46290A906867}.Release|Any CPU.Build.0 = Release|Any CPU
		{247AE7D2-1DC5-47ED-A5A0-1E1C5BF07ADE}.Debug|Any CPU.ActiveCfg = Debug|Any CPU
		{247AE7D2-1DC5-47ED-A5A0-1E1C5BF07ADE}.Debug|Any CPU.Build.0 = Debug|Any CPU
		{247AE7D2-1DC5-47ED-A5A0-1E1C5BF07ADE}.Release|Any CPU.ActiveCfg = Release|Any CPU
		{247AE7D2-1DC5-47ED-A5A0-1E1C5BF07ADE}.Release|Any CPU.Build.0 = Release|Any CPU
		{D4B7B1B0-48F0-4D31-BFE0-95A270ACF755}.Debug|Any CPU.ActiveCfg = Debug|Any CPU
		{D4B7B1B0-48F0-4D31-BFE0-95A270ACF755}.Debug|Any CPU.Build.0 = Debug|Any CPU
		{D4B7B1B0-48F0-4D31-BFE0-95A270ACF755}.Release|Any CPU.ActiveCfg = Release|Any CPU
		{D4B7B1B0-48F0-4D31-BFE0-95A270ACF755}.Release|Any CPU.Build.0 = Release|Any CPU
		{C548FBCC-6FF4-4CDC-B0A4-C615EF0E30AC}.Debug|Any CPU.ActiveCfg = Debug|Any CPU
		{C548FBCC-6FF4-4CDC-B0A4-C615EF0E30AC}.Debug|Any CPU.Build.0 = Debug|Any CPU
		{C548FBCC-6FF4-4CDC-B0A4-C615EF0E30AC}.Release|Any CPU.ActiveCfg = Release|Any CPU
		{C548FBCC-6FF4-4CDC-B0A4-C615EF0E30AC}.Release|Any CPU.Build.0 = Release|Any CPU
		{26036EAD-D138-46DF-AB94-D57C64E131ED}.Debug|Any CPU.ActiveCfg = Debug|Any CPU
		{26036EAD-D138-46DF-AB94-D57C64E131ED}.Debug|Any CPU.Build.0 = Debug|Any CPU
		{26036EAD-D138-46DF-AB94-D57C64E131ED}.Release|Any CPU.ActiveCfg = Release|Any CPU
		{26036EAD-D138-46DF-AB94-D57C64E131ED}.Release|Any CPU.Build.0 = Release|Any CPU
		{9AF0E620-7EB3-460B-9BB8-0BB9E7853225}.Debug|Any CPU.ActiveCfg = Debug|Any CPU
		{9AF0E620-7EB3-460B-9BB8-0BB9E7853225}.Debug|Any CPU.Build.0 = Debug|Any CPU
		{9AF0E620-7EB3-460B-9BB8-0BB9E7853225}.Release|Any CPU.ActiveCfg = Release|Any CPU
		{9AF0E620-7EB3-460B-9BB8-0BB9E7853225}.Release|Any CPU.Build.0 = Release|Any CPU
		{19D299F3-5012-4C39-9983-00D2E3D667C5}.Debug|Any CPU.ActiveCfg = Debug|Any CPU
		{19D299F3-5012-4C39-9983-00D2E3D667C5}.Debug|Any CPU.Build.0 = Debug|Any CPU
		{19D299F3-5012-4C39-9983-00D2E3D667C5}.Release|Any CPU.ActiveCfg = Release|Any CPU
		{19D299F3-5012-4C39-9983-00D2E3D667C5}.Release|Any CPU.Build.0 = Release|Any CPU
		{BA15D2D2-9658-4AD8-B944-629455EA5A05}.Debug|Any CPU.ActiveCfg = Debug|Any CPU
		{BA15D2D2-9658-4AD8-B944-629455EA5A05}.Debug|Any CPU.Build.0 = Debug|Any CPU
		{BA15D2D2-9658-4AD8-B944-629455EA5A05}.Release|Any CPU.ActiveCfg = Release|Any CPU
		{BA15D2D2-9658-4AD8-B944-629455EA5A05}.Release|Any CPU.Build.0 = Release|Any CPU
		{A9EFBFD1-67ED-4C3A-9AF5-B5594A5510BD}.Debug|Any CPU.ActiveCfg = Debug|Any CPU
		{A9EFBFD1-67ED-4C3A-9AF5-B5594A5510BD}.Debug|Any CPU.Build.0 = Debug|Any CPU
		{A9EFBFD1-67ED-4C3A-9AF5-B5594A5510BD}.Release|Any CPU.ActiveCfg = Release|Any CPU
		{A9EFBFD1-67ED-4C3A-9AF5-B5594A5510BD}.Release|Any CPU.Build.0 = Release|Any CPU
		{B0DBAA64-D9A5-4557-A51B-C329F45BE179}.Debug|Any CPU.ActiveCfg = Debug|Any CPU
		{B0DBAA64-D9A5-4557-A51B-C329F45BE179}.Debug|Any CPU.Build.0 = Debug|Any CPU
		{B0DBAA64-D9A5-4557-A51B-C329F45BE179}.Release|Any CPU.ActiveCfg = Release|Any CPU
		{B0DBAA64-D9A5-4557-A51B-C329F45BE179}.Release|Any CPU.Build.0 = Release|Any CPU
		{DD781B78-2049-4EFE-86F2-DDC9F8E2BD94}.Debug|Any CPU.ActiveCfg = Debug|Any CPU
		{DD781B78-2049-4EFE-86F2-DDC9F8E2BD94}.Debug|Any CPU.Build.0 = Debug|Any CPU
		{DD781B78-2049-4EFE-86F2-DDC9F8E2BD94}.Release|Any CPU.ActiveCfg = Release|Any CPU
		{DD781B78-2049-4EFE-86F2-DDC9F8E2BD94}.Release|Any CPU.Build.0 = Release|Any CPU
		{5539C814-3814-467F-9CD6-ECEA4AD6A62C}.Debug|Any CPU.ActiveCfg = Debug|Any CPU
		{5539C814-3814-467F-9CD6-ECEA4AD6A62C}.Debug|Any CPU.Build.0 = Debug|Any CPU
		{5539C814-3814-467F-9CD6-ECEA4AD6A62C}.Release|Any CPU.ActiveCfg = Release|Any CPU
		{5539C814-3814-467F-9CD6-ECEA4AD6A62C}.Release|Any CPU.Build.0 = Release|Any CPU
		{ACCF0CEE-4119-44F2-B349-67DD5C9ADE42}.Debug|Any CPU.ActiveCfg = Debug|Any CPU
		{ACCF0CEE-4119-44F2-B349-67DD5C9ADE42}.Debug|Any CPU.Build.0 = Debug|Any CPU
		{ACCF0CEE-4119-44F2-B349-67DD5C9ADE42}.Release|Any CPU.ActiveCfg = Release|Any CPU
		{ACCF0CEE-4119-44F2-B349-67DD5C9ADE42}.Release|Any CPU.Build.0 = Release|Any CPU
		{F6951005-A5D2-4A17-B9CF-40E977BFB440}.Debug|Any CPU.ActiveCfg = Debug|Any CPU
		{F6951005-A5D2-4A17-B9CF-40E977BFB440}.Debug|Any CPU.Build.0 = Debug|Any CPU
		{F6951005-A5D2-4A17-B9CF-40E977BFB440}.Release|Any CPU.ActiveCfg = Release|Any CPU
		{F6951005-A5D2-4A17-B9CF-40E977BFB440}.Release|Any CPU.Build.0 = Release|Any CPU
		{860DA830-2D84-45D2-BDB8-05F4EB8DE80F}.Debug|Any CPU.ActiveCfg = Debug|Any CPU
		{860DA830-2D84-45D2-BDB8-05F4EB8DE80F}.Debug|Any CPU.Build.0 = Debug|Any CPU
		{860DA830-2D84-45D2-BDB8-05F4EB8DE80F}.Release|Any CPU.ActiveCfg = Release|Any CPU
		{860DA830-2D84-45D2-BDB8-05F4EB8DE80F}.Release|Any CPU.Build.0 = Release|Any CPU
		{E2813603-EA0F-4869-8C56-A65869C4F225}.Debug|Any CPU.ActiveCfg = Debug|Any CPU
		{E2813603-EA0F-4869-8C56-A65869C4F225}.Debug|Any CPU.Build.0 = Debug|Any CPU
		{E2813603-EA0F-4869-8C56-A65869C4F225}.Release|Any CPU.ActiveCfg = Release|Any CPU
		{E2813603-EA0F-4869-8C56-A65869C4F225}.Release|Any CPU.Build.0 = Release|Any CPU
		{040AFF14-1EA9-46F2-86D6-813E02479050}.Debug|Any CPU.ActiveCfg = Debug|Any CPU
		{040AFF14-1EA9-46F2-86D6-813E02479050}.Debug|Any CPU.Build.0 = Debug|Any CPU
		{040AFF14-1EA9-46F2-86D6-813E02479050}.Release|Any CPU.ActiveCfg = Release|Any CPU
		{040AFF14-1EA9-46F2-86D6-813E02479050}.Release|Any CPU.Build.0 = Release|Any CPU
		{D361D58F-A401-4FA5-8BB0-2E73607E2EC8}.Debug|Any CPU.ActiveCfg = Debug|Any CPU
		{D361D58F-A401-4FA5-8BB0-2E73607E2EC8}.Debug|Any CPU.Build.0 = Debug|Any CPU
		{D361D58F-A401-4FA5-8BB0-2E73607E2EC8}.Release|Any CPU.ActiveCfg = Release|Any CPU
		{D361D58F-A401-4FA5-8BB0-2E73607E2EC8}.Release|Any CPU.Build.0 = Release|Any CPU
		{5C5AAD93-917D-4226-8777-6DC464123960}.Debug|Any CPU.ActiveCfg = Debug|Any CPU
		{5C5AAD93-917D-4226-8777-6DC464123960}.Debug|Any CPU.Build.0 = Debug|Any CPU
		{5C5AAD93-917D-4226-8777-6DC464123960}.Release|Any CPU.ActiveCfg = Release|Any CPU
		{5C5AAD93-917D-4226-8777-6DC464123960}.Release|Any CPU.Build.0 = Release|Any CPU
		{8711B5DB-BE80-43EA-BB95-D0E1387F51BC}.Debug|Any CPU.ActiveCfg = Debug|Any CPU
		{8711B5DB-BE80-43EA-BB95-D0E1387F51BC}.Debug|Any CPU.Build.0 = Debug|Any CPU
		{8711B5DB-BE80-43EA-BB95-D0E1387F51BC}.Release|Any CPU.ActiveCfg = Release|Any CPU
		{8711B5DB-BE80-43EA-BB95-D0E1387F51BC}.Release|Any CPU.Build.0 = Release|Any CPU
		{9A73C377-E8E9-4FD3-8FC4-A64CF186B8F1}.Debug|Any CPU.ActiveCfg = Debug|Any CPU
		{9A73C377-E8E9-4FD3-8FC4-A64CF186B8F1}.Debug|Any CPU.Build.0 = Debug|Any CPU
		{9A73C377-E8E9-4FD3-8FC4-A64CF186B8F1}.Release|Any CPU.ActiveCfg = Release|Any CPU
		{9A73C377-E8E9-4FD3-8FC4-A64CF186B8F1}.Release|Any CPU.Build.0 = Release|Any CPU
		{6A7D6E8E-3592-4592-B33B-EFB56678C34C}.Debug|Any CPU.ActiveCfg = Debug|Any CPU
		{6A7D6E8E-3592-4592-B33B-EFB56678C34C}.Debug|Any CPU.Build.0 = Debug|Any CPU
		{6A7D6E8E-3592-4592-B33B-EFB56678C34C}.Release|Any CPU.ActiveCfg = Release|Any CPU
		{6A7D6E8E-3592-4592-B33B-EFB56678C34C}.Release|Any CPU.Build.0 = Release|Any CPU
	EndGlobalSection
	GlobalSection(SolutionProperties) = preSolution
		HideSolutionNode = FALSE
	EndGlobalSection
	GlobalSection(NestedProjects) = preSolution
		{D926F5BF-195A-4DFB-BC17-46290A906867} = {75003F37-FFE1-4ADA-A97B-87B8F1BF17B8}
		{247AE7D2-1DC5-47ED-A5A0-1E1C5BF07ADE} = {75003F37-FFE1-4ADA-A97B-87B8F1BF17B8}
		{D4B7B1B0-48F0-4D31-BFE0-95A270ACF755} = {75003F37-FFE1-4ADA-A97B-87B8F1BF17B8}
		{C548FBCC-6FF4-4CDC-B0A4-C615EF0E30AC} = {75003F37-FFE1-4ADA-A97B-87B8F1BF17B8}
		{26036EAD-D138-46DF-AB94-D57C64E131ED} = {75003F37-FFE1-4ADA-A97B-87B8F1BF17B8}
		{9AF0E620-7EB3-460B-9BB8-0BB9E7853225} = {75003F37-FFE1-4ADA-A97B-87B8F1BF17B8}
		{19D299F3-5012-4C39-9983-00D2E3D667C5} = {75003F37-FFE1-4ADA-A97B-87B8F1BF17B8}
		{BA15D2D2-9658-4AD8-B944-629455EA5A05} = {75003F37-FFE1-4ADA-A97B-87B8F1BF17B8}
		{A9EFBFD1-67ED-4C3A-9AF5-B5594A5510BD} = {75003F37-FFE1-4ADA-A97B-87B8F1BF17B8}
		{B0DBAA64-D9A5-4557-A51B-C329F45BE179} = {B86CE867-BDA3-4913-B66D-BF8C34D0B2E5}
		{DD781B78-2049-4EFE-86F2-DDC9F8E2BD94} = {B86CE867-BDA3-4913-B66D-BF8C34D0B2E5}
		{5539C814-3814-467F-9CD6-ECEA4AD6A62C} = {B86CE867-BDA3-4913-B66D-BF8C34D0B2E5}
		{ACCF0CEE-4119-44F2-B349-67DD5C9ADE42} = {B86CE867-BDA3-4913-B66D-BF8C34D0B2E5}
		{F6951005-A5D2-4A17-B9CF-40E977BFB440} = {B86CE867-BDA3-4913-B66D-BF8C34D0B2E5}
		{860DA830-2D84-45D2-BDB8-05F4EB8DE80F} = {B86CE867-BDA3-4913-B66D-BF8C34D0B2E5}
		{E2813603-EA0F-4869-8C56-A65869C4F225} = {B86CE867-BDA3-4913-B66D-BF8C34D0B2E5}
		{040AFF14-1EA9-46F2-86D6-813E02479050} = {B86CE867-BDA3-4913-B66D-BF8C34D0B2E5}
		{D361D58F-A401-4FA5-8BB0-2E73607E2EC8} = {D9FD2C86-13AA-496F-8941-AFD310697631}
		{5C5AAD93-917D-4226-8777-6DC464123960} = {D9FD2C86-13AA-496F-8941-AFD310697631}
		{8711B5DB-BE80-43EA-BB95-D0E1387F51BC} = {D9FD2C86-13AA-496F-8941-AFD310697631}
		{9A73C377-E8E9-4FD3-8FC4-A64CF186B8F1} = {D9FD2C86-13AA-496F-8941-AFD310697631}
		{6A7D6E8E-3592-4592-B33B-EFB56678C34C} = {D9FD2C86-13AA-496F-8941-AFD310697631}
	EndGlobalSection
	GlobalSection(ExtensibilityGlobals) = postSolution
		SolutionGuid = {E902294D-1F19-435E-9503-AC89F1BA9907}
	EndGlobalSection
EndGlobal
